
Microsoft Visual Studio Solution File, Format Version 12.00
# Visual Studio Version 16
VisualStudioVersion = 16.0.30320.27
MinimumVisualStudioVersion = 10.0.40219.1
Project("{8BC9CEB8-8B4A-11D0-8D11-00A0C91BC942}") = "Chapter7 반복문", "Chapter7 반복문.vcxproj", "{F9EE2CAE-B0A9-4330-B99E-319B986D2C82}"
EndProject
Global
	GlobalSection(SolutionConfigurationPlatforms) = preSolution
		Debug|x64 = Debug|x64
		Debug|x86 = Debug|x86
		Release|x64 = Release|x64
		Release|x86 = Release|x86
	EndGlobalSection
	GlobalSection(ProjectConfigurationPlatforms) = postSolution
		{F9EE2CAE-B0A9-4330-B99E-319B986D2C82}.Debug|x64.ActiveCfg = Debug|x64
		{F9EE2CAE-B0A9-4330-B99E-319B986D2C82}.Debug|x64.Build.0 = Debug|x64
		{F9EE2CAE-B0A9-4330-B99E-319B986D2C82}.Debug|x86.ActiveCfg = Debug|Win32
		{F9EE2CAE-B0A9-4330-B99E-319B986D2C82}.Debug|x86.Build.0 = Debug|Win32
		{F9EE2CAE-B0A9-4330-B99E-319B986D2C82}.Release|x64.ActiveCfg = Release|x64
		{F9EE2CAE-B0A9-4330-B99E-319B986D2C82}.Release|x64.Build.0 = Release|x64
		{F9EE2CAE-B0A9-4330-B99E-319B986D2C82}.Release|x86.ActiveCfg = Release|Win32
		{F9EE2CAE-B0A9-4330-B99E-319B986D2C82}.Release|x86.Build.0 = Release|Win32
	EndGlobalSection
	GlobalSection(SolutionProperties) = preSolution
		HideSolutionNode = FALSE
	EndGlobalSection
	GlobalSection(ExtensibilityGlobals) = postSolution
		SolutionGuid = {84E57177-767D-464E-850B-8C031C0E3660}
	EndGlobalSection
EndGlobal
